
Microsoft Visual Studio Solution File, Format Version 12.00
# Visual Studio 2012
Project("{FAE04EC0-301F-11D3-BF4B-00C04F79EFBC}") = "VentaAlquilerVehiculos", "VentaAlquilerVehiculos\VentaAlquilerVehiculos.csproj", "{AC5CCB3A-958C-479B-BA75-9D3A040170F1}"
EndProject
Project("{E24C65DC-7377-472B-9ABA-BC803B73C61A}") = "ServicioWebVentaAlquiler(1)", "http://localhost:41678", "{38805DD2-469C-4959-B4A8-64A73DE5CC3D}"
	ProjectSection(WebsiteProperties) = preProject
		UseIISExpress = "true"
		TargetFrameworkMoniker = ".NETFramework,Version%3Dv3.5"
		Debug.AspNetCompiler.VirtualPath = "/localhost_41678"
		Debug.AspNetCompiler.PhysicalPath = "..\..\ServicioWebVentaAlquiler\"
		Debug.AspNetCompiler.TargetPath = "PrecompiledWeb\localhost_41678\"
		Debug.AspNetCompiler.Updateable = "true"
		Debug.AspNetCompiler.ForceOverwrite = "true"
		Debug.AspNetCompiler.FixedNames = "false"
		Debug.AspNetCompiler.Debug = "True"
		Release.AspNetCompiler.VirtualPath = "/localhost_41678"
		Release.AspNetCompiler.PhysicalPath = "..\..\ServicioWebVentaAlquiler\"
		Release.AspNetCompiler.TargetPath = "PrecompiledWeb\localhost_41678\"
		Release.AspNetCompiler.Updateable = "true"
		Release.AspNetCompiler.ForceOverwrite = "true"
		Release.AspNetCompiler.FixedNames = "false"
		Release.AspNetCompiler.Debug = "False"
		SlnRelativePath = "..\..\ServicioWebVentaAlquiler\"
		DefaultWebSiteLanguage = "Visual C#"
	EndProjectSection
EndProject
Project("{FAE04EC0-301F-11D3-BF4B-00C04F79EFBC}") = "ControlCodeV7", "..\..\ControlCodeV7\ControlCodeV7.csproj", "{4976EF6C-87C4-490D-943D-AF98E2D40B4A}"
EndProject
Global
	GlobalSection(SolutionConfigurationPlatforms) = preSolution
		Debug|Any CPU = Debug|Any CPU
		Release|Any CPU = Release|Any CPU
	EndGlobalSection
	GlobalSection(ProjectConfigurationPlatforms) = postSolution
		{AC5CCB3A-958C-479B-BA75-9D3A040170F1}.Debug|Any CPU.ActiveCfg = Debug|Any CPU
		{AC5CCB3A-958C-479B-BA75-9D3A040170F1}.Debug|Any CPU.Build.0 = Debug|Any CPU
		{AC5CCB3A-958C-479B-BA75-9D3A040170F1}.Release|Any CPU.ActiveCfg = Release|Any CPU
		{AC5CCB3A-958C-479B-BA75-9D3A040170F1}.Release|Any CPU.Build.0 = Release|Any CPU
		{38805DD2-469C-4959-B4A8-64A73DE5CC3D}.Debug|Any CPU.ActiveCfg = Debug|Any CPU
		{38805DD2-469C-4959-B4A8-64A73DE5CC3D}.Debug|Any CPU.Build.0 = Debug|Any CPU
		{38805DD2-469C-4959-B4A8-64A73DE5CC3D}.Release|Any CPU.ActiveCfg = Debug|Any CPU
		{38805DD2-469C-4959-B4A8-64A73DE5CC3D}.Release|Any CPU.Build.0 = Debug|Any CPU
		{4976EF6C-87C4-490D-943D-AF98E2D40B4A}.Debug|Any CPU.ActiveCfg = Debug|Any CPU
		{4976EF6C-87C4-490D-943D-AF98E2D40B4A}.Debug|Any CPU.Build.0 = Debug|Any CPU
		{4976EF6C-87C4-490D-943D-AF98E2D40B4A}.Release|Any CPU.ActiveCfg = Release|Any CPU
		{4976EF6C-87C4-490D-943D-AF98E2D40B4A}.Release|Any CPU.Build.0 = Release|Any CPU
	EndGlobalSection
	GlobalSection(SolutionProperties) = preSolution
		HideSolutionNode = FALSE
	EndGlobalSection
EndGlobal
